<?xml version="1.0" encoding="UTF-8" standalone="yes" ?>
<CodeBlocks_project_file>
	<FileVersion major="1" minor="6" />
	<Project>
		<Option title="example-input" />
		<Option makefile_is_custom="1" />
		<Option pch_mode="2" />
		<Option compiler="gcc" />
		<Option virtualFolders="addons/;src/;build config/;addons/ofxMidi/;addons/ofxMidi/src/;addons/ofxMidi/src/desktop/;addons/ofxMidi/src/desktop/rtmidi/;" />
		<Build>
			<Target title="Debug">
				<Option output="bin/$(PROJECT_NAME)_debug" prefix_auto="1" extension_auto="1" />
				<Option working_dir="bin" />
				<Option object_output="obj/Debug/" />
				<Option external_deps="../../../libs/openFrameworksCompiled/lib/linux/libopenFrameworksDebug.a;" />
				<Option type="1" />
				<Option compiler="gcc" />
				<Option projectLinkerOptionsRelation="2" />
			</Target>
			<Target title="Release">
				<Option output="bin/$(PROJECT_NAME" prefix_auto="1" extension_auto="1" />
				<Option working_dir="bin" />
				<Option object_output="obj/Release/" />
				<Option external_deps="../../../libs/openFrameworksCompiled/lib/linux/libopenFrameworks.a;" />
				<Option type="1" />
				<Option compiler="gcc" />
				<Option projectLinkerOptionsRelation="2" />
			</Target>
		</Build>
		<Unit filename="../../../addons/ofxMidi/src/desktop/ofxRtMidiIn.cpp" />
		<Unit filename="../../../addons/ofxMidi/src/desktop/ofxRtMidiIn.h" />
		<Unit filename="../../../addons/ofxMidi/src/desktop/ofxRtMidiOut.cpp" />
		<Unit filename="../../../addons/ofxMidi/src/desktop/ofxRtMidiOut.h" />
		<Unit filename="../../../addons/ofxMidi/src/desktop/rtmidi/RtError.h" />
		<Unit filename="../../../addons/ofxMidi/src/desktop/rtmidi/RtMidi.cpp" />
		<Unit filename="../../../addons/ofxMidi/src/desktop/rtmidi/RtMidi.h" />
		<Unit filename="../../../addons/ofxMidi/src/ofxBaseMidi.cpp" />
		<Unit filename="../../../addons/ofxMidi/src/ofxBaseMidi.h" />
		<Unit filename="../../../addons/ofxMidi/src/ofxMidi.cpp" />
		<Unit filename="../../../addons/ofxMidi/src/ofxMidi.h" />
		<Unit filename="../../../addons/ofxMidi/src/ofxMidiConstants.h" />
		<Unit filename="../../../addons/ofxMidi/src/ofxMidiIn.cpp" />
		<Unit filename="../../../addons/ofxMidi/src/ofxMidiIn.h" />
		<Unit filename="../../../addons/ofxMidi/src/ofxMidiMessage.cpp" />
		<Unit filename="../../../addons/ofxMidi/src/ofxMidiMessage.h" />
		<Unit filename="../../../addons/ofxMidi/src/ofxMidiOut.cpp" />
		<Unit filename="../../../addons/ofxMidi/src/ofxMidiOut.h" />
		<Unit filename="../../../addons/ofxMidi/src/ofxMidiTypes.h" />
		<Unit filename="config.make">
			<Option virtualFolder="build config" />
		</Unit>
		<Unit filename="src/main.cpp">
			<Option virtualFolder="src/" />
		</Unit>
		<Unit filename="src/testApp.cpp">
			<Option virtualFolder="src/" />
		</Unit>
		<Unit filename="src/testApp.h">
			<Option virtualFolder="src/" />
		</Unit>
		<Extensions>
			<code_completion />
			<envvars />
			<debugger />
		</Extensions>
	</Project>
</CodeBlocks_project_file>
